
Microsoft Visual Studio Solution File, Format Version 12.00
# Visual Studio Version 17
VisualStudioVersion = 17.13.35919.96 d17.13
MinimumVisualStudioVersion = 10.0.40219.1
Project("{FAE04EC0-301F-11D3-BF4B-00C04F79EFBC}") = "CommerceProjectCSC202", "CommerceProjectCSC202\CommerceProjectCSC202.csproj", "{A9235BFC-4360-4A34-B24F-E776C1779A9D}"
EndProject
Global
	GlobalSection(SolutionConfigurationPlatforms) = preSolution
		Debug|Any CPU = Debug|Any CPU
		Release|Any CPU = Release|Any CPU
	EndGlobalSection
	GlobalSection(ProjectConfigurationPlatforms) = postSolution
		{A9235BFC-4360-4A34-B24F-E776C1779A9D}.Debug|Any CPU.ActiveCfg = Debug|Any CPU
		{A9235BFC-4360-4A34-B24F-E776C1779A9D}.Debug|Any CPU.Build.0 = Debug|Any CPU
		{A9235BFC-4360-4A34-B24F-E776C1779A9D}.Release|Any CPU.ActiveCfg = Release|Any CPU
		{A9235BFC-4360-4A34-B24F-E776C1779A9D}.Release|Any CPU.Build.0 = Release|Any CPU
	EndGlobalSection
	GlobalSection(SolutionProperties) = preSolution
		HideSolutionNode = FALSE
	EndGlobalSection
	GlobalSection(ExtensibilityGlobals) = postSolution
		SolutionGuid = {39CF5088-621C-40C1-95C0-71E55F536AF2}
	EndGlobalSection
EndGlobal
